// !$*UTF8*$!
{
	archiveVersion = 1;
	classes = {
	};
	objectVersion = 46;
	objects = {

/* Begin PBXBuildFile section */
		A959572D1C0CFA0B00B633D6 /* main.m in Sources */ = {isa = PBXBuildFile; fileRef = A959572C1C0CFA0B00B633D6 /* main.m */; };
		A95957301C0CFA0B00B633D6 /* AppDelegate.m in Sources */ = {isa = PBXBuildFile; fileRef = A959572F1C0CFA0B00B633D6 /* AppDelegate.m */; };
		A95957331C0CFA0B00B633D6 /* ViewController.m in Sources */ = {isa = PBXBuildFile; fileRef = A95957321C0CFA0B00B633D6 /* ViewController.m */; };
		A95957391C0CFA0B00B633D6 /* MotelHotelHolidayInn.xcdatamodeld in Sources */ = {isa = PBXBuildFile; fileRef = A95957371C0CFA0B00B633D6 /* MotelHotelHolidayInn.xcdatamodeld */; };
		A959573B1C0CFA0B00B633D6 /* Assets.xcassets in Resources */ = {isa = PBXBuildFile; fileRef = A959573A1C0CFA0B00B633D6 /* Assets.xcassets */; };
		A959573E1C0CFA0B00B633D6 /* LaunchScreen.storyboard in Resources */ = {isa = PBXBuildFile; fileRef = A959573C1C0CFA0B00B633D6 /* LaunchScreen.storyboard */; };
		A95957631C0D184C00B633D6 /* HotelsViewController.m in Sources */ = {isa = PBXBuildFile; fileRef = A95957621C0D184C00B633D6 /* HotelsViewController.m */; };
		A95957661C0D20B200B633D6 /* RoomsViewController.m in Sources */ = {isa = PBXBuildFile; fileRef = A95957651C0D20B200B633D6 /* RoomsViewController.m */; };
		A95957681C0D241F00B633D6 /* hotels.json in Resources */ = {isa = PBXBuildFile; fileRef = A95957671C0D241F00B633D6 /* hotels.json */; };
		A959576D1C0E4CF000B633D6 /* DateViewController.m in Sources */ = {isa = PBXBuildFile; fileRef = A959576C1C0E4CF000B633D6 /* DateViewController.m */; };
		A959576F1C0E4EB600B633D6 /* hotel.png in Resources */ = {isa = PBXBuildFile; fileRef = A959576E1C0E4EB600B633D6 /* hotel.png */; };
		A95957721C0E5A4000B633D6 /* AvailabilityViewController.m in Sources */ = {isa = PBXBuildFile; fileRef = A95957711C0E5A4000B633D6 /* AvailabilityViewController.m */; };
		A95957751C0E656500B633D6 /* BookViewController.m in Sources */ = {isa = PBXBuildFile; fileRef = A95957741C0E656500B633D6 /* BookViewController.m */; };
		A959577D1C10E47300B633D6 /* MotelHotelHolidayInnTests.m in Sources */ = {isa = PBXBuildFile; fileRef = A959577C1C10E47300B633D6 /* MotelHotelHolidayInnTests.m */; };
		A95957861C10F45E00B633D6 /* LookupViewController.m in Sources */ = {isa = PBXBuildFile; fileRef = A95957851C10F45E00B633D6 /* LookupViewController.m */; };
		A96AB44C1C11104400684A53 /* Reservation+CoreDataProperties.m in Sources */ = {isa = PBXBuildFile; fileRef = A96AB43D1C11104400684A53 /* Reservation+CoreDataProperties.m */; };
		A96AB44D1C11104400684A53 /* Reservation.m in Sources */ = {isa = PBXBuildFile; fileRef = A96AB43F1C11104400684A53 /* Reservation.m */; };
		A96AB44E1C11104400684A53 /* Hotel+CoreDataProperties.m in Sources */ = {isa = PBXBuildFile; fileRef = A96AB4411C11104400684A53 /* Hotel+CoreDataProperties.m */; };
		A96AB44F1C11104400684A53 /* Hotel.m in Sources */ = {isa = PBXBuildFile; fileRef = A96AB4431C11104400684A53 /* Hotel.m */; };
		A96AB4501C11104400684A53 /* Room+CoreDataProperties.m in Sources */ = {isa = PBXBuildFile; fileRef = A96AB4451C11104400684A53 /* Room+CoreDataProperties.m */; };
		A96AB4511C11104400684A53 /* Room.m in Sources */ = {isa = PBXBuildFile; fileRef = A96AB4471C11104400684A53 /* Room.m */; };
		A96AB4521C11104400684A53 /* Guest+CoreDataProperties.m in Sources */ = {isa = PBXBuildFile; fileRef = A96AB4491C11104400684A53 /* Guest+CoreDataProperties.m */; };
		A96AB4531C11104400684A53 /* Guest.m in Sources */ = {isa = PBXBuildFile; fileRef = A96AB44B1C11104400684A53 /* Guest.m */; };
/* End PBXBuildFile section */

/* Begin PBXContainerItemProxy section */
		A959577F1C10E47400B633D6 /* PBXContainerItemProxy */ = {
			isa = PBXContainerItemProxy;
			containerPortal = A95957201C0CFA0A00B633D6 /* Project object */;
			proxyType = 1;
			remoteGlobalIDString = A95957271C0CFA0A00B633D6;
			remoteInfo = MotelHotelHolidayInn;
		};
/* End PBXContainerItemProxy section */

/* Begin PBXFileReference section */
		A95957281C0CFA0A00B633D6 /* MotelHotelHolidayInn.app */ = {isa = PBXFileReference; explicitFileType = wrapper.application; includeInIndex = 0; path = MotelHotelHolidayInn.app; sourceTree = BUILT_PRODUCTS_DIR; };
		A959572C1C0CFA0B00B633D6 /* main.m */ = {isa = PBXFileReference; lastKnownFileType = sourcecode.c.objc; path = main.m; sourceTree = "<group>"; };
		A959572E1C0CFA0B00B633D6 /* AppDelegate.h */ = {isa = PBXFileReference; lastKnownFileType = sourcecode.c.h; path = AppDelegate.h; sourceTree = "<group>"; };
		A959572F1C0CFA0B00B633D6 /* AppDelegate.m */ = {isa = PBXFileReference; lastKnownFileType = sourcecode.c.objc; path = AppDelegate.m; sourceTree = "<group>"; };
		A95957311C0CFA0B00B633D6 /* ViewController.h */ = {isa = PBXFileReference; lastKnownFileType = sourcecode.c.h; path = ViewController.h; sourceTree = "<group>"; };
		A95957321C0CFA0B00B633D6 /* ViewController.m */ = {isa = PBXFileReference; lastKnownFileType = sourcecode.c.objc; path = ViewController.m; sourceTree = "<group>"; };
		A95957381C0CFA0B00B633D6 /* MotelHotelHolidayInn.xcdatamodel */ = {isa = PBXFileReference; lastKnownFileType = wrapper.xcdatamodel; path = MotelHotelHolidayInn.xcdatamodel; sourceTree = "<group>"; };
		A959573A1C0CFA0B00B633D6 /* Assets.xcassets */ = {isa = PBXFileReference; lastKnownFileType = folder.assetcatalog; path = Assets.xcassets; sourceTree = "<group>"; };
		A959573D1C0CFA0B00B633D6 /* Base */ = {isa = PBXFileReference; lastKnownFileType = file.storyboard; name = Base; path = Base.lproj/LaunchScreen.storyboard; sourceTree = "<group>"; };
		A959573F1C0CFA0B00B633D6 /* Info.plist */ = {isa = PBXFileReference; lastKnownFileType = text.plist.xml; path = Info.plist; sourceTree = "<group>"; };
		A95957611C0D184C00B633D6 /* HotelsViewController.h */ = {isa = PBXFileReference; fileEncoding = 4; lastKnownFileType = sourcecode.c.h; path = HotelsViewController.h; sourceTree = "<group>"; };
		A95957621C0D184C00B633D6 /* HotelsViewController.m */ = {isa = PBXFileReference; fileEncoding = 4; lastKnownFileType = sourcecode.c.objc; path = HotelsViewController.m; sourceTree = "<group>"; };
		A95957641C0D20B200B633D6 /* RoomsViewController.h */ = {isa = PBXFileReference; fileEncoding = 4; lastKnownFileType = sourcecode.c.h; path = RoomsViewController.h; sourceTree = "<group>"; };
		A95957651C0D20B200B633D6 /* RoomsViewController.m */ = {isa = PBXFileReference; fileEncoding = 4; lastKnownFileType = sourcecode.c.objc; path = RoomsViewController.m; sourceTree = "<group>"; };
		A95957671C0D241F00B633D6 /* hotels.json */ = {isa = PBXFileReference; fileEncoding = 4; lastKnownFileType = text.json; path = hotels.json; sourceTree = "<group>"; };
		A959576B1C0E4CF000B633D6 /* DateViewController.h */ = {isa = PBXFileReference; fileEncoding = 4; lastKnownFileType = sourcecode.c.h; path = DateViewController.h; sourceTree = "<group>"; };
		A959576C1C0E4CF000B633D6 /* DateViewController.m */ = {isa = PBXFileReference; fileEncoding = 4; lastKnownFileType = sourcecode.c.objc; path = DateViewController.m; sourceTree = "<group>"; };
		A959576E1C0E4EB600B633D6 /* hotel.png */ = {isa = PBXFileReference; lastKnownFileType = image.png; path = hotel.png; sourceTree = "<group>"; };
		A95957701C0E5A4000B633D6 /* AvailabilityViewController.h */ = {isa = PBXFileReference; fileEncoding = 4; lastKnownFileType = sourcecode.c.h; path = AvailabilityViewController.h; sourceTree = "<group>"; };
		A95957711C0E5A4000B633D6 /* AvailabilityViewController.m */ = {isa = PBXFileReference; fileEncoding = 4; lastKnownFileType = sourcecode.c.objc; path = AvailabilityViewController.m; sourceTree = "<group>"; };
		A95957731C0E656500B633D6 /* BookViewController.h */ = {isa = PBXFileReference; fileEncoding = 4; lastKnownFileType = sourcecode.c.h; path = BookViewController.h; sourceTree = "<group>"; };
		A95957741C0E656500B633D6 /* BookViewController.m */ = {isa = PBXFileReference; fileEncoding = 4; lastKnownFileType = sourcecode.c.objc; path = BookViewController.m; sourceTree = "<group>"; };
		A959577A1C10E47300B633D6 /* MotelHotelHolidayInnTests.xctest */ = {isa = PBXFileReference; explicitFileType = wrapper.cfbundle; includeInIndex = 0; path = MotelHotelHolidayInnTests.xctest; sourceTree = BUILT_PRODUCTS_DIR; };
		A959577C1C10E47300B633D6 /* MotelHotelHolidayInnTests.m */ = {isa = PBXFileReference; lastKnownFileType = sourcecode.c.objc; path = MotelHotelHolidayInnTests.m; sourceTree = "<group>"; };
		A959577E1C10E47400B633D6 /* Info.plist */ = {isa = PBXFileReference; lastKnownFileType = text.plist.xml; path = Info.plist; sourceTree = "<group>"; };
		A95957841C10F45E00B633D6 /* LookupViewController.h */ = {isa = PBXFileReference; fileEncoding = 4; lastKnownFileType = sourcecode.c.h; path = LookupViewController.h; sourceTree = "<group>"; };
		A95957851C10F45E00B633D6 /* LookupViewController.m */ = {isa = PBXFileReference; fileEncoding = 4; lastKnownFileType = sourcecode.c.objc; path = LookupViewController.m; sourceTree = "<group>"; };
		A96AB43C1C11104400684A53 /* Reservation+CoreDataProperties.h */ = {isa = PBXFileReference; fileEncoding = 4; lastKnownFileType = sourcecode.c.h; path = "Reservation+CoreDataProperties.h"; sourceTree = "<group>"; };
		A96AB43D1C11104400684A53 /* Reservation+CoreDataProperties.m */ = {isa = PBXFileReference; fileEncoding = 4; lastKnownFileType = sourcecode.c.objc; path = "Reservation+CoreDataProperties.m"; sourceTree = "<group>"; };
		A96AB43E1C11104400684A53 /* Reservation.h */ = {isa = PBXFileReference; fileEncoding = 4; lastKnownFileType = sourcecode.c.h; path = Reservation.h; sourceTree = "<group>"; };
		A96AB43F1C11104400684A53 /* Reservation.m */ = {isa = PBXFileReference; fileEncoding = 4; lastKnownFileType = sourcecode.c.objc; path = Reservation.m; sourceTree = "<group>"; };
		A96AB4401C11104400684A53 /* Hotel+CoreDataProperties.h */ = {isa = PBXFileReference; fileEncoding = 4; lastKnownFileType = sourcecode.c.h; path = "Hotel+CoreDataProperties.h"; sourceTree = "<group>"; };
		A96AB4411C11104400684A53 /* Hotel+CoreDataProperties.m */ = {isa = PBXFileReference; fileEncoding = 4; lastKnownFileType = sourcecode.c.objc; path = "Hotel+CoreDataProperties.m"; sourceTree = "<group>"; };
		A96AB4421C11104400684A53 /* Hotel.h */ = {isa = PBXFileReference; fileEncoding = 4; lastKnownFileType = sourcecode.c.h; path = Hotel.h; sourceTree = "<group>"; };
		A96AB4431C11104400684A53 /* Hotel.m */ = {isa = PBXFileReference; fileEncoding = 4; lastKnownFileType = sourcecode.c.objc; path = Hotel.m; sourceTree = "<group>"; };
		A96AB4441C11104400684A53 /* Room+CoreDataProperties.h */ = {isa = PBXFileReference; fileEncoding = 4; lastKnownFileType = sourcecode.c.h; path = "Room+CoreDataProperties.h"; sourceTree = "<group>"; };
		A96AB4451C11104400684A53 /* Room+CoreDataProperties.m */ = {isa = PBXFileReference; fileEncoding = 4; lastKnownFileType = sourcecode.c.objc; path = "Room+CoreDataProperties.m"; sourceTree = "<group>"; };
		A96AB4461C11104400684A53 /* Room.h */ = {isa = PBXFileReference; fileEncoding = 4; lastKnownFileType = sourcecode.c.h; path = Room.h; sourceTree = "<group>"; };
		A96AB4471C11104400684A53 /* Room.m */ = {isa = PBXFileReference; fileEncoding = 4; lastKnownFileType = sourcecode.c.objc; path = Room.m; sourceTree = "<group>"; };
		A96AB4481C11104400684A53 /* Guest+CoreDataProperties.h */ = {isa = PBXFileReference; fileEncoding = 4; lastKnownFileType = sourcecode.c.h; path = "Guest+CoreDataProperties.h"; sourceTree = "<group>"; };
		A96AB4491C11104400684A53 /* Guest+CoreDataProperties.m */ = {isa = PBXFileReference; fileEncoding = 4; lastKnownFileType = sourcecode.c.objc; path = "Guest+CoreDataProperties.m"; sourceTree = "<group>"; };
		A96AB44A1C11104400684A53 /* Guest.h */ = {isa = PBXFileReference; fileEncoding = 4; lastKnownFileType = sourcecode.c.h; path = Guest.h; sourceTree = "<group>"; };
		A96AB44B1C11104400684A53 /* Guest.m */ = {isa = PBXFileReference; fileEncoding = 4; lastKnownFileType = sourcecode.c.objc; path = Guest.m; sourceTree = "<group>"; };
/* End PBXFileReference section */

/* Begin PBXFrameworksBuildPhase section */
		A95957251C0CFA0A00B633D6 /* Frameworks */ = {
			isa = PBXFrameworksBuildPhase;
			buildActionMask = 2147483647;
			files = (
			);
			runOnlyForDeploymentPostprocessing = 0;
		};
		A95957771C10E47300B633D6 /* Frameworks */ = {
			isa = PBXFrameworksBuildPhase;
			buildActionMask = 2147483647;
			files = (
			);
			runOnlyForDeploymentPostprocessing = 0;
		};
/* End PBXFrameworksBuildPhase section */

/* Begin PBXGroup section */
		A959571F1C0CFA0A00B633D6 = {
			isa = PBXGroup;
			children = (
				A959572A1C0CFA0B00B633D6 /* MotelHotelHolidayInn */,
				A959577B1C10E47300B633D6 /* MotelHotelHolidayInnTests */,
				A95957291C0CFA0A00B633D6 /* Products */,
			);
			sourceTree = "<group>";
		};
		A95957291C0CFA0A00B633D6 /* Products */ = {
			isa = PBXGroup;
			children = (
				A95957281C0CFA0A00B633D6 /* MotelHotelHolidayInn.app */,
				A959577A1C10E47300B633D6 /* MotelHotelHolidayInnTests.xctest */,
			);
			name = Products;
			sourceTree = "<group>";
		};
		A959572A1C0CFA0B00B633D6 /* MotelHotelHolidayInn */ = {
			isa = PBXGroup;
			children = (
				A959572E1C0CFA0B00B633D6 /* AppDelegate.h */,
				A959572F1C0CFA0B00B633D6 /* AppDelegate.m */,
				A95957311C0CFA0B00B633D6 /* ViewController.h */,
				A95957321C0CFA0B00B633D6 /* ViewController.m */,
				A959575D1C0D0A5F00B633D6 /* Model */,
				A95957691C0E4C8500B633D6 /* Browse */,
				A959576A1C0E4CCE00B633D6 /* Book */,
				A95957871C10F46B00B633D6 /* Lookup */,
				A959573A1C0CFA0B00B633D6 /* Assets.xcassets */,
				A959573C1C0CFA0B00B633D6 /* LaunchScreen.storyboard */,
				A959573F1C0CFA0B00B633D6 /* Info.plist */,
				A95957671C0D241F00B633D6 /* hotels.json */,
				A95957371C0CFA0B00B633D6 /* MotelHotelHolidayInn.xcdatamodeld */,
				A959572B1C0CFA0B00B633D6 /* Supporting Files */,
			);
			path = MotelHotelHolidayInn;
			sourceTree = "<group>";
		};
		A959572B1C0CFA0B00B633D6 /* Supporting Files */ = {
			isa = PBXGroup;
			children = (
				A959576E1C0E4EB600B633D6 /* hotel.png */,
				A959572C1C0CFA0B00B633D6 /* main.m */,
			);
			name = "Supporting Files";
			sourceTree = "<group>";
		};
		A959575D1C0D0A5F00B633D6 /* Model */ = {
			isa = PBXGroup;
			children = (
				A96AB43C1C11104400684A53 /* Reservation+CoreDataProperties.h */,
				A96AB43D1C11104400684A53 /* Reservation+CoreDataProperties.m */,
				A96AB43E1C11104400684A53 /* Reservation.h */,
				A96AB43F1C11104400684A53 /* Reservation.m */,
				A96AB4401C11104400684A53 /* Hotel+CoreDataProperties.h */,
				A96AB4411C11104400684A53 /* Hotel+CoreDataProperties.m */,
				A96AB4421C11104400684A53 /* Hotel.h */,
				A96AB4431C11104400684A53 /* Hotel.m */,
				A96AB4441C11104400684A53 /* Room+CoreDataProperties.h */,
				A96AB4451C11104400684A53 /* Room+CoreDataProperties.m */,
				A96AB4461C11104400684A53 /* Room.h */,
				A96AB4471C11104400684A53 /* Room.m */,
				A96AB4481C11104400684A53 /* Guest+CoreDataProperties.h */,
				A96AB4491C11104400684A53 /* Guest+CoreDataProperties.m */,
				A96AB44A1C11104400684A53 /* Guest.h */,
				A96AB44B1C11104400684A53 /* Guest.m */,
			);
			name = Model;
			path = ..;
			sourceTree = "<group>";
		};
		A95957691C0E4C8500B633D6 /* Browse */ = {
			isa = PBXGroup;
			children = (
				A95957611C0D184C00B633D6 /* HotelsViewController.h */,
				A95957621C0D184C00B633D6 /* HotelsViewController.m */,
				A95957641C0D20B200B633D6 /* RoomsViewController.h */,
				A95957651C0D20B200B633D6 /* RoomsViewController.m */,
			);
			name = Browse;
			sourceTree = "<group>";
		};
		A959576A1C0E4CCE00B633D6 /* Book */ = {
			isa = PBXGroup;
			children = (
				A959576B1C0E4CF000B633D6 /* DateViewController.h */,
				A959576C1C0E4CF000B633D6 /* DateViewController.m */,
				A95957701C0E5A4000B633D6 /* AvailabilityViewController.h */,
				A95957711C0E5A4000B633D6 /* AvailabilityViewController.m */,
				A95957731C0E656500B633D6 /* BookViewController.h */,
				A95957741C0E656500B633D6 /* BookViewController.m */,
			);
			name = Book;
			sourceTree = "<group>";
		};
		A959577B1C10E47300B633D6 /* MotelHotelHolidayInnTests */ = {
			isa = PBXGroup;
			children = (
				A959577C1C10E47300B633D6 /* MotelHotelHolidayInnTests.m */,
				A959577E1C10E47400B633D6 /* Info.plist */,
			);
			path = MotelHotelHolidayInnTests;
			sourceTree = "<group>";
		};
		A95957871C10F46B00B633D6 /* Lookup */ = {
			isa = PBXGroup;
			children = (
				A95957841C10F45E00B633D6 /* LookupViewController.h */,
				A95957851C10F45E00B633D6 /* LookupViewController.m */,
			);
			name = Lookup;
			sourceTree = "<group>";
		};
/* End PBXGroup section */

/* Begin PBXNativeTarget section */
		A95957271C0CFA0A00B633D6 /* MotelHotelHolidayInn */ = {
			isa = PBXNativeTarget;
			buildConfigurationList = A95957421C0CFA0B00B633D6 /* Build configuration list for PBXNativeTarget "MotelHotelHolidayInn" */;
			buildPhases = (
				A95957241C0CFA0A00B633D6 /* Sources */,
				A95957251C0CFA0A00B633D6 /* Frameworks */,
				A95957261C0CFA0A00B633D6 /* Resources */,
			);
			buildRules = (
			);
			dependencies = (
			);
			name = MotelHotelHolidayInn;
			productName = MotelHotelHolidayInn;
			productReference = A95957281C0CFA0A00B633D6 /* MotelHotelHolidayInn.app */;
			productType = "com.apple.product-type.application";
		};
		A95957791C10E47300B633D6 /* MotelHotelHolidayInnTests */ = {
			isa = PBXNativeTarget;
			buildConfigurationList = A95957811C10E47400B633D6 /* Build configuration list for PBXNativeTarget "MotelHotelHolidayInnTests" */;
			buildPhases = (
				A95957761C10E47300B633D6 /* Sources */,
				A95957771C10E47300B633D6 /* Frameworks */,
				A95957781C10E47300B633D6 /* Resources */,
			);
			buildRules = (
			);
			dependencies = (
				A95957801C10E47400B633D6 /* PBXTargetDependency */,
			);
			name = MotelHotelHolidayInnTests;
			productName = MotelHotelHolidayInnTests;
			productReference = A959577A1C10E47300B633D6 /* MotelHotelHolidayInnTests.xctest */;
			productType = "com.apple.product-type.bundle.unit-test";
		};
/* End PBXNativeTarget section */

/* Begin PBXProject section */
		A95957201C0CFA0A00B633D6 /* Project object */ = {
			isa = PBXProject;
			attributes = {
				LastUpgradeCheck = 0710;
				ORGANIZATIONNAME = HoodsDream;
				TargetAttributes = {
					A95957271C0CFA0A00B633D6 = {
						CreatedOnToolsVersion = 7.1;
					};
					A95957791C10E47300B633D6 = {
						CreatedOnToolsVersion = 7.1;
						TestTargetID = A95957271C0CFA0A00B633D6;
					};
				};
			};
			buildConfigurationList = A95957231C0CFA0A00B633D6 /* Build configuration list for PBXProject "MotelHotelHolidayInn" */;
			compatibilityVersion = "Xcode 3.2";
			developmentRegion = English;
			hasScannedForEncodings = 0;
			knownRegions = (
				en,
				Base,
			);
			mainGroup = A959571F1C0CFA0A00B633D6;
			productRefGroup = A95957291C0CFA0A00B633D6 /* Products */;
			projectDirPath = "";
			projectRoot = "";
			targets = (
				A95957271C0CFA0A00B633D6 /* MotelHotelHolidayInn */,
				A95957791C10E47300B633D6 /* MotelHotelHolidayInnTests */,
			);
		};
/* End PBXProject section */

/* Begin PBXResourcesBuildPhase section */
		A95957261C0CFA0A00B633D6 /* Resources */ = {
			isa = PBXResourcesBuildPhase;
			buildActionMask = 2147483647;
			files = (
				A959576F1C0E4EB600B633D6 /* hotel.png in Resources */,
				A95957681C0D241F00B633D6 /* hotels.json in Resources */,
				A959573E1C0CFA0B00B633D6 /* LaunchScreen.storyboard in Resources */,
				A959573B1C0CFA0B00B633D6 /* Assets.xcassets in Resources */,
			);
			runOnlyForDeploymentPostprocessing = 0;
		};
		A95957781C10E47300B633D6 /* Resources */ = {
			isa = PBXResourcesBuildPhase;
			buildActionMask = 2147483647;
			files = (
			);
			runOnlyForDeploymentPostprocessing = 0;
		};
/* End PBXResourcesBuildPhase section */

/* Begin PBXSourcesBuildPhase section */
		A95957241C0CFA0A00B633D6 /* Sources */ = {
			isa = PBXSourcesBuildPhase;
			buildActionMask = 2147483647;
			files = (
				A96AB4501C11104400684A53 /* Room+CoreDataProperties.m in Sources */,
				A95957861C10F45E00B633D6 /* LookupViewController.m in Sources */,
				A95957721C0E5A4000B633D6 /* AvailabilityViewController.m in Sources */,
				A95957631C0D184C00B633D6 /* HotelsViewController.m in Sources */,
				A95957331C0CFA0B00B633D6 /* ViewController.m in Sources */,
				A95957301C0CFA0B00B633D6 /* AppDelegate.m in Sources */,
				A96AB4531C11104400684A53 /* Guest.m in Sources */,
				A959572D1C0CFA0B00B633D6 /* main.m in Sources */,
				A96AB44D1C11104400684A53 /* Reservation.m in Sources */,
				A96AB44C1C11104400684A53 /* Reservation+CoreDataProperties.m in Sources */,
				A96AB44F1C11104400684A53 /* Hotel.m in Sources */,
				A959576D1C0E4CF000B633D6 /* DateViewController.m in Sources */,
				A95957661C0D20B200B633D6 /* RoomsViewController.m in Sources */,
				A95957391C0CFA0B00B633D6 /* MotelHotelHolidayInn.xcdatamodeld in Sources */,
				A95957751C0E656500B633D6 /* BookViewController.m in Sources */,
				A96AB4511C11104400684A53 /* Room.m in Sources */,
				A96AB44E1C11104400684A53 /* Hotel+CoreDataProperties.m in Sources */,
				A96AB4521C11104400684A53 /* Guest+CoreDataProperties.m in Sources */,
			);
			runOnlyForDeploymentPostprocessing = 0;
		};
		A95957761C10E47300B633D6 /* Sources */ = {
			isa = PBXSourcesBuildPhase;
			buildActionMask = 2147483647;
			files = (
				A959577D1C10E47300B633D6 /* MotelHotelHolidayInnTests.m in Sources */,
			);
			runOnlyForDeploymentPostprocessing = 0;
		};
/* End PBXSourcesBuildPhase section */

/* Begin PBXTargetDependency section */
		A95957801C10E47400B633D6 /* PBXTargetDependency */ = {
			isa = PBXTargetDependency;
			target = A95957271C0CFA0A00B633D6 /* MotelHotelHolidayInn */;
			targetProxy = A959577F1C10E47400B633D6 /* PBXContainerItemProxy */;
		};
/* End PBXTargetDependency section */

/* Begin PBXVariantGroup section */
		A959573C1C0CFA0B00B633D6 /* LaunchScreen.storyboard */ = {
			isa = PBXVariantGroup;
			children = (
				A959573D1C0CFA0B00B633D6 /* Base */,
			);
			name = LaunchScreen.storyboard;
			sourceTree = "<group>";
		};
/* End PBXVariantGroup section */

/* Begin XCBuildConfiguration section */
		A95957401C0CFA0B00B633D6 /* Debug */ = {
			isa = XCBuildConfiguration;
			buildSettings = {
				ALWAYS_SEARCH_USER_PATHS = NO;
				CLANG_CXX_LANGUAGE_STANDARD = "gnu++0x";
				CLANG_CXX_LIBRARY = "libc++";
				CLANG_ENABLE_MODULES = YES;
				CLANG_ENABLE_OBJC_ARC = YES;
				CLANG_WARN_BOOL_CONVERSION = YES;
				CLANG_WARN_CONSTANT_CONVERSION = YES;
				CLANG_WARN_DIRECT_OBJC_ISA_USAGE = YES_ERROR;
				CLANG_WARN_EMPTY_BODY = YES;
				CLANG_WARN_ENUM_CONVERSION = YES;
				CLANG_WARN_INT_CONVERSION = YES;
				CLANG_WARN_OBJC_ROOT_CLASS = YES_ERROR;
				CLANG_WARN_UNREACHABLE_CODE = YES;
				CLANG_WARN__DUPLICATE_METHOD_MATCH = YES;
				"CODE_SIGN_IDENTITY[sdk=iphoneos*]" = "iPhone Developer";
				COPY_PHASE_STRIP = NO;
				DEBUG_INFORMATION_FORMAT = dwarf;
				ENABLE_STRICT_OBJC_MSGSEND = YES;
				ENABLE_TESTABILITY = YES;
				GCC_C_LANGUAGE_STANDARD = gnu99;
				GCC_DYNAMIC_NO_PIC = NO;
				GCC_NO_COMMON_BLOCKS = YES;
				GCC_OPTIMIZATION_LEVEL = 0;
				GCC_PREPROCESSOR_DEFINITIONS = (
					"DEBUG=1",
					"$(inherited)",
				);
				GCC_WARN_64_TO_32_BIT_CONVERSION = YES;
				GCC_WARN_ABOUT_RETURN_TYPE = YES_ERROR;
				GCC_WARN_UNDECLARED_SELECTOR = YES;
				GCC_WARN_UNINITIALIZED_AUTOS = YES_AGGRESSIVE;
				GCC_WARN_UNUSED_FUNCTION = YES;
				GCC_WARN_UNUSED_VARIABLE = YES;
				IPHONEOS_DEPLOYMENT_TARGET = 9.1;
				MTL_ENABLE_DEBUG_INFO = YES;
				ONLY_ACTIVE_ARCH = YES;
				SDKROOT = iphoneos;
			};
			name = Debug;
		};
		A95957411C0CFA0B00B633D6 /* Release */ = {
			isa = XCBuildConfiguration;
			buildSettings = {
				ALWAYS_SEARCH_USER_PATHS = NO;
				CLANG_CXX_LANGUAGE_STANDARD = "gnu++0x";
				CLANG_CXX_LIBRARY = "libc++";
				CLANG_ENABLE_MODULES = YES;
				CLANG_ENABLE_OBJC_ARC = YES;
				CLANG_WARN_BOOL_CONVERSION = YES;
				CLANG_WARN_CONSTANT_CONVERSION = YES;
				CLANG_WARN_DIRECT_OBJC_ISA_USAGE = YES_ERROR;
				CLANG_WARN_EMPTY_BODY = YES;
				CLANG_WARN_ENUM_CONVERSION = YES;
				CLANG_WARN_INT_CONVERSION = YES;
				CLANG_WARN_OBJC_ROOT_CLASS = YES_ERROR;
				CLANG_WARN_UNREACHABLE_CODE = YES;
				CLANG_WARN__DUPLICATE_METHOD_MATCH = YES;
				"CODE_SIGN_IDENTITY[sdk=iphoneos*]" = "iPhone Developer";
				COPY_PHASE_STRIP = NO;
				DEBUG_INFORMATION_FORMAT = "dwarf-with-dsym";
				ENABLE_NS_ASSERTIONS = NO;
				ENABLE_STRICT_OBJC_MSGSEND = YES;
				GCC_C_LANGUAGE_STANDARD = gnu99;
				GCC_NO_COMMON_BLOCKS = YES;
				GCC_WARN_64_TO_32_BIT_CONVERSION = YES;
				GCC_WARN_ABOUT_RETURN_TYPE = YES_ERROR;
				GCC_WARN_UNDECLARED_SELECTOR = YES;
				GCC_WARN_UNINITIALIZED_AUTOS = YES_AGGRESSIVE;
				GCC_WARN_UNUSED_FUNCTION = YES;
				GCC_WARN_UNUSED_VARIABLE = YES;
				IPHONEOS_DEPLOYMENT_TARGET = 9.1;
				MTL_ENABLE_DEBUG_INFO = NO;
				SDKROOT = iphoneos;
				VALIDATE_PRODUCT = YES;
			};
			name = Release;
		};
		A95957431C0CFA0B00B633D6 /* Debug */ = {
			isa = XCBuildConfiguration;
			buildSettings = {
				ASSETCATALOG_COMPILER_APPICON_NAME = AppIcon;
				INFOPLIST_FILE = MotelHotelHolidayInn/Info.plist;
				LD_RUNPATH_SEARCH_PATHS = "$(inherited) @executable_path/Frameworks";
				PRODUCT_BUNDLE_IDENTIFIER = com.AsteroidBlues.MotelHotelHolidayInn;
				PRODUCT_NAME = "$(TARGET_NAME)";
			};
			name = Debug;
		};
		A95957441C0CFA0B00B633D6 /* Release */ = {
			isa = XCBuildConfiguration;
			buildSettings = {
				ASSETCATALOG_COMPILER_APPICON_NAME = AppIcon;
				INFOPLIST_FILE = MotelHotelHolidayInn/Info.plist;
				LD_RUNPATH_SEARCH_PATHS = "$(inherited) @executable_path/Frameworks";
				PRODUCT_BUNDLE_IDENTIFIER = com.AsteroidBlues.MotelHotelHolidayInn;
				PRODUCT_NAME = "$(TARGET_NAME)";
			};
			name = Release;
		};
		A95957821C10E47400B633D6 /* Debug */ = {
			isa = XCBuildConfiguration;
			buildSettings = {
				BUNDLE_LOADER = "$(TEST_HOST)";
				INFOPLIST_FILE = MotelHotelHolidayInnTests/Info.plist;
				LD_RUNPATH_SEARCH_PATHS = "$(inherited) @executable_path/Frameworks @loader_path/Frameworks";
				PRODUCT_BUNDLE_IDENTIFIER = com.AsteroidBlues.MotelHotelHolidayInnTests;
				PRODUCT_NAME = "$(TARGET_NAME)";
				TEST_HOST = "$(BUILT_PRODUCTS_DIR)/MotelHotelHolidayInn.app/MotelHotelHolidayInn";
			};
			name = Debug;
		};
		A95957831C10E47400B633D6 /* Release */ = {
			isa = XCBuildConfiguration;
			buildSettings = {
				BUNDLE_LOADER = "$(TEST_HOST)";
				INFOPLIST_FILE = MotelHotelHolidayInnTests/Info.plist;
				LD_RUNPATH_SEARCH_PATHS = "$(inherited) @executable_path/Frameworks @loader_path/Frameworks";
				PRODUCT_BUNDLE_IDENTIFIER = com.AsteroidBlues.MotelHotelHolidayInnTests;
				PRODUCT_NAME = "$(TARGET_NAME)";
				TEST_HOST = "$(BUILT_PRODUCTS_DIR)/MotelHotelHolidayInn.app/MotelHotelHolidayInn";
			};
			name = Release;
		};
/* End XCBuildConfiguration section */

/* Begin XCConfigurationList section */
		A95957231C0CFA0A00B633D6 /* Build configuration list for PBXProject "MotelHotelHolidayInn" */ = {
			isa = XCConfigurationList;
			buildConfigurations = (
				A95957401C0CFA0B00B633D6 /* Debug */,
				A95957411C0CFA0B00B633D6 /* Release */,
			);
			defaultConfigurationIsVisible = 0;
			defaultConfigurationName = Release;
		};
		A95957421C0CFA0B00B633D6 /* Build configuration list for PBXNativeTarget "MotelHotelHolidayInn" */ = {
			isa = XCConfigurationList;
			buildConfigurations = (
				A95957431C0CFA0B00B633D6 /* Debug */,
				A95957441C0CFA0B00B633D6 /* Release */,
			);
			defaultConfigurationIsVisible = 0;
			defaultConfigurationName = Release;
		};
		A95957811C10E47400B633D6 /* Build configuration list for PBXNativeTarget "MotelHotelHolidayInnTests" */ = {
			isa = XCConfigurationList;
			buildConfigurations = (
				A95957821C10E47400B633D6 /* Debug */,
				A95957831C10E47400B633D6 /* Release */,
			);
			defaultConfigurationIsVisible = 0;
			defaultConfigurationName = Release;
		};
/* End XCConfigurationList section */

/* Begin XCVersionGroup section */
		A95957371C0CFA0B00B633D6 /* MotelHotelHolidayInn.xcdatamodeld */ = {
			isa = XCVersionGroup;
			children = (
				A95957381C0CFA0B00B633D6 /* MotelHotelHolidayInn.xcdatamodel */,
			);
			currentVersion = A95957381C0CFA0B00B633D6 /* MotelHotelHolidayInn.xcdatamodel */;
			path = MotelHotelHolidayInn.xcdatamodeld;
			sourceTree = "<group>";
			versionGroupType = wrapper.xcdatamodel;
		};
/* End XCVersionGroup section */
	};
	rootObject = A95957201C0CFA0A00B633D6 /* Project object */;
}
